// !$*UTF8*$!
{
	archiveVersion = 1;
	classes = {
	};
	objectVersion = 56;
	objects = {

/* Begin PBXBuildFile section */
		246804FB28C279110023EABA /* AppDelegate.swift in Sources */ = {isa = PBXBuildFile; fileRef = 246804FA28C279110023EABA /* AppDelegate.swift */; };
		246804FD28C279110023EABA /* SceneDelegate.swift in Sources */ = {isa = PBXBuildFile; fileRef = 246804FC28C279110023EABA /* SceneDelegate.swift */; };
		246804FF28C279110023EABA /* HomeView.swift in Sources */ = {isa = PBXBuildFile; fileRef = 246804FE28C279110023EABA /* HomeView.swift */; };
		2468050228C279110023EABA /* Main.storyboard in Resources */ = {isa = PBXBuildFile; fileRef = 2468050028C279110023EABA /* Main.storyboard */; };
		2468050428C279150023EABA /* Assets.xcassets in Resources */ = {isa = PBXBuildFile; fileRef = 2468050328C279150023EABA /* Assets.xcassets */; };
		2468050728C279150023EABA /* LaunchScreen.storyboard in Resources */ = {isa = PBXBuildFile; fileRef = 2468050528C279150023EABA /* LaunchScreen.storyboard */; };
		2468051428C27D920023EABA /* Data.swift in Sources */ = {isa = PBXBuildFile; fileRef = 2468051328C27D920023EABA /* Data.swift */; };
		2468051728C27E0A0023EABA /* Parser.swift in Sources */ = {isa = PBXBuildFile; fileRef = 2468051628C27E0A0023EABA /* Parser.swift */; };
		2468051D28C2849B0023EABA /* HomeViewExtension.swift in Sources */ = {isa = PBXBuildFile; fileRef = 2468051C28C2849B0023EABA /* HomeViewExtension.swift */; };
		2468052128C28A300023EABA /* LazyImageView.swift in Sources */ = {isa = PBXBuildFile; fileRef = 2468052028C28A300023EABA /* LazyImageView.swift */; };
		2497ED8B28C2A8D900CF3A04 /* DetailVC.swift in Sources */ = {isa = PBXBuildFile; fileRef = 2497ED8A28C2A8D900CF3A04 /* DetailVC.swift */; };
		24FA55B128C2A0A8004E3FA8 /* TableViewCell.swift in Sources */ = {isa = PBXBuildFile; fileRef = 24FA55B028C2A0A8004E3FA8 /* TableViewCell.swift */; };
/* End PBXBuildFile section */

/* Begin PBXFileReference section */
		246804F728C279110023EABA /* Assignment.app */ = {isa = PBXFileReference; explicitFileType = wrapper.application; includeInIndex = 0; path = Assignment.app; sourceTree = BUILT_PRODUCTS_DIR; };
		246804FA28C279110023EABA /* AppDelegate.swift */ = {isa = PBXFileReference; lastKnownFileType = sourcecode.swift; path = AppDelegate.swift; sourceTree = "<group>"; };
		246804FC28C279110023EABA /* SceneDelegate.swift */ = {isa = PBXFileReference; lastKnownFileType = sourcecode.swift; path = SceneDelegate.swift; sourceTree = "<group>"; };
		246804FE28C279110023EABA /* HomeView.swift */ = {isa = PBXFileReference; lastKnownFileType = sourcecode.swift; path = HomeView.swift; sourceTree = "<group>"; };
		2468050128C279110023EABA /* Base */ = {isa = PBXFileReference; lastKnownFileType = file.storyboard; name = Base; path = Base.lproj/Main.storyboard; sourceTree = "<group>"; };
		2468050328C279150023EABA /* Assets.xcassets */ = {isa = PBXFileReference; lastKnownFileType = folder.assetcatalog; path = Assets.xcassets; sourceTree = "<group>"; };
		2468050628C279150023EABA /* Base */ = {isa = PBXFileReference; lastKnownFileType = file.storyboard; name = Base; path = Base.lproj/LaunchScreen.storyboard; sourceTree = "<group>"; };
		2468050828C279150023EABA /* Info.plist */ = {isa = PBXFileReference; lastKnownFileType = text.plist.xml; path = Info.plist; sourceTree = "<group>"; };
		2468051328C27D920023EABA /* Data.swift */ = {isa = PBXFileReference; lastKnownFileType = sourcecode.swift; path = Data.swift; sourceTree = "<group>"; };
		2468051628C27E0A0023EABA /* Parser.swift */ = {isa = PBXFileReference; lastKnownFileType = sourcecode.swift; path = Parser.swift; sourceTree = "<group>"; };
		2468051C28C2849B0023EABA /* HomeViewExtension.swift */ = {isa = PBXFileReference; lastKnownFileType = sourcecode.swift; path = HomeViewExtension.swift; sourceTree = "<group>"; };
		2468052028C28A300023EABA /* LazyImageView.swift */ = {isa = PBXFileReference; lastKnownFileType = sourcecode.swift; path = LazyImageView.swift; sourceTree = "<group>"; };
		2497ED8A28C2A8D900CF3A04 /* DetailVC.swift */ = {isa = PBXFileReference; lastKnownFileType = sourcecode.swift; path = DetailVC.swift; sourceTree = "<group>"; };
		24FA55B028C2A0A8004E3FA8 /* TableViewCell.swift */ = {isa = PBXFileReference; lastKnownFileType = sourcecode.swift; path = TableViewCell.swift; sourceTree = "<group>"; };
/* End PBXFileReference section */

/* Begin PBXFrameworksBuildPhase section */
		246804F428C279110023EABA /* Frameworks */ = {
			isa = PBXFrameworksBuildPhase;
			buildActionMask = 2147483647;
			files = (
			);
			runOnlyForDeploymentPostprocessing = 0;
		};
/* End PBXFrameworksBuildPhase section */

/* Begin PBXGroup section */
		246804EE28C279110023EABA = {
			isa = PBXGroup;
			children = (
				246804F928C279110023EABA /* Assignment */,
				246804F828C279110023EABA /* Products */,
			);
			sourceTree = "<group>";
		};
		246804F828C279110023EABA /* Products */ = {
			isa = PBXGroup;
			children = (
				246804F728C279110023EABA /* Assignment.app */,
			);
			name = Products;
			sourceTree = "<group>";
		};
		246804F928C279110023EABA /* Assignment */ = {
			isa = PBXGroup;
			children = (
				2468050028C279110023EABA /* Main.storyboard */,
				2468051828C2841F0023EABA /* Controllers */,
				2468051528C27DEC0023EABA /* Services */,
				2468051228C27D830023EABA /* Model */,
				246804FA28C279110023EABA /* AppDelegate.swift */,
				246804FC28C279110023EABA /* SceneDelegate.swift */,
				2468050328C279150023EABA /* Assets.xcassets */,
				2468050528C279150023EABA /* LaunchScreen.storyboard */,
				2468050828C279150023EABA /* Info.plist */,
			);
			path = Assignment;
			sourceTree = "<group>";
		};
		2468051228C27D830023EABA /* Model */ = {
			isa = PBXGroup;
			children = (
				2468051328C27D920023EABA /* Data.swift */,
			);
			path = Model;
			sourceTree = "<group>";
		};
		2468051528C27DEC0023EABA /* Services */ = {
			isa = PBXGroup;
			children = (
				2468051628C27E0A0023EABA /* Parser.swift */,
				2468052028C28A300023EABA /* LazyImageView.swift */,
			);
			path = Services;
			sourceTree = "<group>";
		};
		2468051828C2841F0023EABA /* Controllers */ = {
			isa = PBXGroup;
			children = (
				2497ED8C28C2A8EF00CF3A04 /* Extensions */,
				246804FE28C279110023EABA /* HomeView.swift */,
				24FA55B028C2A0A8004E3FA8 /* TableViewCell.swift */,
				2497ED8A28C2A8D900CF3A04 /* DetailVC.swift */,
			);
			path = Controllers;
			sourceTree = "<group>";
		};
		2497ED8C28C2A8EF00CF3A04 /* Extensions */ = {
			isa = PBXGroup;
			children = (
				2468051C28C2849B0023EABA /* HomeViewExtension.swift */,
			);
			path = Extensions;
			sourceTree = "<group>";
		};
/* End PBXGroup section */

/* Begin PBXNativeTarget section */
		246804F628C279110023EABA /* Assignment */ = {
			isa = PBXNativeTarget;
			buildConfigurationList = 2468050B28C279150023EABA /* Build configuration list for PBXNativeTarget "Assignment" */;
			buildPhases = (
				246804F328C279110023EABA /* Sources */,
				246804F428C279110023EABA /* Frameworks */,
				246804F528C279110023EABA /* Resources */,
			);
			buildRules = (
			);
			dependencies = (
			);
			name = Assignment;
			productName = Assignment;
			productReference = 246804F728C279110023EABA /* Assignment.app */;
			productType = "com.apple.product-type.application";
		};
/* End PBXNativeTarget section */

/* Begin PBXProject section */
		246804EF28C279110023EABA /* Project object */ = {
			isa = PBXProject;
			attributes = {
				BuildIndependentTargetsInParallel = 1;
				LastSwiftUpdateCheck = 1400;
				LastUpgradeCheck = 1400;
				TargetAttributes = {
					246804F628C279110023EABA = {
						CreatedOnToolsVersion = 14.0;
					};
				};
			};
			buildConfigurationList = 246804F228C279110023EABA /* Build configuration list for PBXProject "Assignment" */;
			compatibilityVersion = "Xcode 14.0";
			developmentRegion = en;
			hasScannedForEncodings = 0;
			knownRegions = (
				en,
				Base,
			);
			mainGroup = 246804EE28C279110023EABA;
			productRefGroup = 246804F828C279110023EABA /* Products */;
			projectDirPath = "";
			projectRoot = "";
			targets = (
				246804F628C279110023EABA /* Assignment */,
			);
		};
/* End PBXProject section */

/* Begin PBXResourcesBuildPhase section */
		246804F528C279110023EABA /* Resources */ = {
			isa = PBXResourcesBuildPhase;
			buildActionMask = 2147483647;
			files = (
				2468050728C279150023EABA /* LaunchScreen.storyboard in Resources */,
				2468050428C279150023EABA /* Assets.xcassets in Resources */,
				2468050228C279110023EABA /* Main.storyboard in Resources */,
			);
			runOnlyForDeploymentPostprocessing = 0;
		};
/* End PBXResourcesBuildPhase section */

/* Begin PBXSourcesBuildPhase section */
		246804F328C279110023EABA /* Sources */ = {
			isa = PBXSourcesBuildPhase;
			buildActionMask = 2147483647;
			files = (
				246804FF28C279110023EABA /* HomeView.swift in Sources */,
				24FA55B128C2A0A8004E3FA8 /* TableViewCell.swift in Sources */,
				2468051428C27D920023EABA /* Data.swift in Sources */,
				2468051D28C2849B0023EABA /* HomeViewExtension.swift in Sources */,
				2468051728C27E0A0023EABA /* Parser.swift in Sources */,
				2497ED8B28C2A8D900CF3A04 /* DetailVC.swift in Sources */,
				2468052128C28A300023EABA /* LazyImageView.swift in Sources */,
				246804FB28C279110023EABA /* AppDelegate.swift in Sources */,
				246804FD28C279110023EABA /* SceneDelegate.swift in Sources */,
			);
			runOnlyForDeploymentPostprocessing = 0;
		};
/* End PBXSourcesBuildPhase section */

/* Begin PBXVariantGroup section */
		2468050028C279110023EABA /* Main.storyboard */ = {
			isa = PBXVariantGroup;
			children = (
				2468050128C279110023EABA /* Base */,
			);
			name = Main.storyboard;
			sourceTree = "<group>";
		};
		2468050528C279150023EABA /* LaunchScreen.storyboard */ = {
			isa = PBXVariantGroup;
			children = (
				2468050628C279150023EABA /* Base */,
			);
			name = LaunchScreen.storyboard;
			sourceTree = "<group>";
		};
/* End PBXVariantGroup section */

/* Begin XCBuildConfiguration section */
		2468050928C279150023EABA /* Debug */ = {
			isa = XCBuildConfiguration;
			buildSettings = {
				ALWAYS_SEARCH_USER_PATHS = NO;
				CLANG_ANALYZER_NONNULL = YES;
				CLANG_ANALYZER_NUMBER_OBJECT_CONVERSION = YES_AGGRESSIVE;
				CLANG_CXX_LANGUAGE_STANDARD = "gnu++20";
				CLANG_ENABLE_MODULES = YES;
				CLANG_ENABLE_OBJC_ARC = YES;
				CLANG_ENABLE_OBJC_WEAK = YES;
				CLANG_WARN_BLOCK_CAPTURE_AUTORELEASING = YES;
				CLANG_WARN_BOOL_CONVERSION = YES;
				CLANG_WARN_COMMA = YES;
				CLANG_WARN_CONSTANT_CONVERSION = YES;
				CLANG_WARN_DEPRECATED_OBJC_IMPLEMENTATIONS = YES;
				CLANG_WARN_DIRECT_OBJC_ISA_USAGE = YES_ERROR;
				CLANG_WARN_DOCUMENTATION_COMMENTS = YES;
				CLANG_WARN_EMPTY_BODY = YES;
				CLANG_WARN_ENUM_CONVERSION = YES;
				CLANG_WARN_INFINITE_RECURSION = YES;
				CLANG_WARN_INT_CONVERSION = YES;
				CLANG_WARN_NON_LITERAL_NULL_CONVERSION = YES;
				CLANG_WARN_OBJC_IMPLICIT_RETAIN_SELF = YES;
				CLANG_WARN_OBJC_LITERAL_CONVERSION = YES;
				CLANG_WARN_OBJC_ROOT_CLASS = YES_ERROR;
				CLANG_WARN_QUOTED_INCLUDE_IN_FRAMEWORK_HEADER = YES;
				CLANG_WARN_RANGE_LOOP_ANALYSIS = YES;
				CLANG_WARN_STRICT_PROTOTYPES = YES;
				CLANG_WARN_SUSPICIOUS_MOVE = YES;
				CLANG_WARN_UNGUARDED_AVAILABILITY = YES_AGGRESSIVE;
				CLANG_WARN_UNREACHABLE_CODE = YES;
				CLANG_WARN__DUPLICATE_METHOD_MATCH = YES;
				COPY_PHASE_STRIP = NO;
				DEBUG_INFORMATION_FORMAT = dwarf;
				ENABLE_STRICT_OBJC_MSGSEND = YES;
				ENABLE_TESTABILITY = YES;
				GCC_C_LANGUAGE_STANDARD = gnu11;
				GCC_DYNAMIC_NO_PIC = NO;
				GCC_NO_COMMON_BLOCKS = YES;
				GCC_OPTIMIZATION_LEVEL = 0;
				GCC_PREPROCESSOR_DEFINITIONS = (
					"DEBUG=1",
					"$(inherited)",
				);
				GCC_WARN_64_TO_32_BIT_CONVERSION = YES;
				GCC_WARN_ABOUT_RETURN_TYPE = YES_ERROR;
				GCC_WARN_UNDECLARED_SELECTOR = YES;
				GCC_WARN_UNINITIALIZED_AUTOS = YES_AGGRESSIVE;
				GCC_WARN_UNUSED_FUNCTION = YES;
				GCC_WARN_UNUSED_VARIABLE = YES;
				IPHONEOS_DEPLOYMENT_TARGET = 16.0;
				MTL_ENABLE_DEBUG_INFO = INCLUDE_SOURCE;
				MTL_FAST_MATH = YES;
				ONLY_ACTIVE_ARCH = YES;
				SDKROOT = iphoneos;
				SWIFT_ACTIVE_COMPILATION_CONDITIONS = DEBUG;
				SWIFT_OPTIMIZATION_LEVEL = "-Onone";
			};
			name = Debug;
		};
		2468050A28C279150023EABA /* Release */ = {
			isa = XCBuildConfiguration;
			buildSettings = {
				ALWAYS_SEARCH_USER_PATHS = NO;
				CLANG_ANALYZER_NONNULL = YES;
				CLANG_ANALYZER_NUMBER_OBJECT_CONVERSION = YES_AGGRESSIVE;
				CLANG_CXX_LANGUAGE_STANDARD = "gnu++20";
				CLANG_ENABLE_MODULES = YES;
				CLANG_ENABLE_OBJC_ARC = YES;
				CLANG_ENABLE_OBJC_WEAK = YES;
				CLANG_WARN_BLOCK_CAPTURE_AUTORELEASING = YES;
				CLANG_WARN_BOOL_CONVERSION = YES;
				CLANG_WARN_COMMA = YES;
				CLANG_WARN_CONSTANT_CONVERSION = YES;
				CLANG_WARN_DEPRECATED_OBJC_IMPLEMENTATIONS = YES;
				CLANG_WARN_DIRECT_OBJC_ISA_USAGE = YES_ERROR;
				CLANG_WARN_DOCUMENTATION_COMMENTS = YES;
				CLANG_WARN_EMPTY_BODY = YES;
				CLANG_WARN_ENUM_CONVERSION = YES;
				CLANG_WARN_INFINITE_RECURSION = YES;
				CLANG_WARN_INT_CONVERSION = YES;
				CLANG_WARN_NON_LITERAL_NULL_CONVERSION = YES;
				CLANG_WARN_OBJC_IMPLICIT_RETAIN_SELF = YES;
				CLANG_WARN_OBJC_LITERAL_CONVERSION = YES;
				CLANG_WARN_OBJC_ROOT_CLASS = YES_ERROR;
				CLANG_WARN_QUOTED_INCLUDE_IN_FRAMEWORK_HEADER = YES;
				CLANG_WARN_RANGE_LOOP_ANALYSIS = YES;
				CLANG_WARN_STRICT_PROTOTYPES = YES;
				CLANG_WARN_SUSPICIOUS_MOVE = YES;
				CLANG_WARN_UNGUARDED_AVAILABILITY = YES_AGGRESSIVE;
				CLANG_WARN_UNREACHABLE_CODE = YES;
				CLANG_WARN__DUPLICATE_METHOD_MATCH = YES;
				COPY_PHASE_STRIP = NO;
				DEBUG_INFORMATION_FORMAT = "dwarf-with-dsym";
				ENABLE_NS_ASSERTIONS = NO;
				ENABLE_STRICT_OBJC_MSGSEND = YES;
				GCC_C_LANGUAGE_STANDARD = gnu11;
				GCC_NO_COMMON_BLOCKS = YES;
				GCC_WARN_64_TO_32_BIT_CONVERSION = YES;
				GCC_WARN_ABOUT_RETURN_TYPE = YES_ERROR;
				GCC_WARN_UNDECLARED_SELECTOR = YES;
				GCC_WARN_UNINITIALIZED_AUTOS = YES_AGGRESSIVE;
				GCC_WARN_UNUSED_FUNCTION = YES;
				GCC_WARN_UNUSED_VARIABLE = YES;
				IPHONEOS_DEPLOYMENT_TARGET = 16.0;
				MTL_ENABLE_DEBUG_INFO = NO;
				MTL_FAST_MATH = YES;
				SDKROOT = iphoneos;
				SWIFT_COMPILATION_MODE = wholemodule;
				SWIFT_OPTIMIZATION_LEVEL = "-O";
				VALIDATE_PRODUCT = YES;
			};
			name = Release;
		};
		2468050C28C279150023EABA /* Debug */ = {
			isa = XCBuildConfiguration;
			buildSettings = {
				ASSETCATALOG_COMPILER_APPICON_NAME = AppIcon;
				ASSETCATALOG_COMPILER_GLOBAL_ACCENT_COLOR_NAME = AccentColor;
				CODE_SIGN_STYLE = Automatic;
				CURRENT_PROJECT_VERSION = 1;
				DEVELOPMENT_TEAM = 88K62PKM46;
				GENERATE_INFOPLIST_FILE = YES;
				INFOPLIST_FILE = Assignment/Info.plist;
				INFOPLIST_KEY_UIApplicationSupportsIndirectInputEvents = YES;
				INFOPLIST_KEY_UILaunchStoryboardName = LaunchScreen;
				INFOPLIST_KEY_UIMainStoryboardFile = Main;
				INFOPLIST_KEY_UISupportedInterfaceOrientations_iPad = "UIInterfaceOrientationPortrait UIInterfaceOrientationPortraitUpsideDown UIInterfaceOrientationLandscapeLeft UIInterfaceOrientationLandscapeRight";
				INFOPLIST_KEY_UISupportedInterfaceOrientations_iPhone = "UIInterfaceOrientationPortrait UIInterfaceOrientationLandscapeLeft UIInterfaceOrientationLandscapeRight";
				IPHONEOS_DEPLOYMENT_TARGET = 13.0;
				LD_RUNPATH_SEARCH_PATHS = (
					"$(inherited)",
					"@executable_path/Frameworks",
				);
				MARKETING_VERSION = 1.0;
				PRODUCT_BUNDLE_IDENTIFIER = INDMoney.Assignment;
				PRODUCT_NAME = "$(TARGET_NAME)";
				SWIFT_EMIT_LOC_STRINGS = YES;
				SWIFT_VERSION = 5.0;
				TARGETED_DEVICE_FAMILY = "1,2";
			};
			name = Debug;
		};
		2468050D28C279150023EABA /* Release */ = {
			isa = XCBuildConfiguration;
			buildSettings = {
				ASSETCATALOG_COMPILER_APPICON_NAME = AppIcon;
				ASSETCATALOG_COMPILER_GLOBAL_ACCENT_COLOR_NAME = AccentColor;
				CODE_SIGN_STYLE = Automatic;
				CURRENT_PROJECT_VERSION = 1;
				DEVELOPMENT_TEAM = 88K62PKM46;
				GENERATE_INFOPLIST_FILE = YES;
				INFOPLIST_FILE = Assignment/Info.plist;
				INFOPLIST_KEY_UIApplicationSupportsIndirectInputEvents = YES;
				INFOPLIST_KEY_UILaunchStoryboardName = LaunchScreen;
				INFOPLIST_KEY_UIMainStoryboardFile = Main;
				INFOPLIST_KEY_UISupportedInterfaceOrientations_iPad = "UIInterfaceOrientationPortrait UIInterfaceOrientationPortraitUpsideDown UIInterfaceOrientationLandscapeLeft UIInterfaceOrientationLandscapeRight";
				INFOPLIST_KEY_UISupportedInterfaceOrientations_iPhone = "UIInterfaceOrientationPortrait UIInterfaceOrientationLandscapeLeft UIInterfaceOrientationLandscapeRight";
				IPHONEOS_DEPLOYMENT_TARGET = 13.0;
				LD_RUNPATH_SEARCH_PATHS = (
					"$(inherited)",
					"@executable_path/Frameworks",
				);
				MARKETING_VERSION = 1.0;
				PRODUCT_BUNDLE_IDENTIFIER = INDMoney.Assignment;
				PRODUCT_NAME = "$(TARGET_NAME)";
				SWIFT_EMIT_LOC_STRINGS = YES;
				SWIFT_VERSION = 5.0;
				TARGETED_DEVICE_FAMILY = "1,2";
			};
			name = Release;
		};
/* End XCBuildConfiguration section */

/* Begin XCConfigurationList section */
		246804F228C279110023EABA /* Build configuration list for PBXProject "Assignment" */ = {
			isa = XCConfigurationList;
			buildConfigurations = (
				2468050928C279150023EABA /* Debug */,
				2468050A28C279150023EABA /* Release */,
			);
			defaultConfigurationIsVisible = 0;
			defaultConfigurationName = Release;
		};
		2468050B28C279150023EABA /* Build configuration list for PBXNativeTarget "Assignment" */ = {
			isa = XCConfigurationList;
			buildConfigurations = (
				2468050C28C279150023EABA /* Debug */,
				2468050D28C279150023EABA /* Release */,
			);
			defaultConfigurationIsVisible = 0;
			defaultConfigurationName = Release;
		};
/* End XCConfigurationList section */
	};
	rootObject = 246804EF28C279110023EABA /* Project object */;
}
